// !$*UTF8*$!
{
	archiveVersion = 1;
	classes = {
	};
	objectVersion = 46;
	objects = {

/* Begin PBXBuildFile section */
		B214A27E1998C060002A29BD /* Foundation.framework in Frameworks */ = {isa = PBXBuildFile; fileRef = B214A27D1998C060002A29BD /* Foundation.framework */; };
		B214A2801998C060002A29BD /* CoreGraphics.framework in Frameworks */ = {isa = PBXBuildFile; fileRef = B214A27F1998C060002A29BD /* CoreGraphics.framework */; };
		B214A2821998C060002A29BD /* UIKit.framework in Frameworks */ = {isa = PBXBuildFile; fileRef = B214A2811998C060002A29BD /* UIKit.framework */; };
		B214A2881998C060002A29BD /* InfoPlist.strings in Resources */ = {isa = PBXBuildFile; fileRef = B214A2861998C060002A29BD /* InfoPlist.strings */; };
		B214A28A1998C060002A29BD /* main.m in Sources */ = {isa = PBXBuildFile; fileRef = B214A2891998C060002A29BD /* main.m */; };
		B214A28E1998C060002A29BD /* AppDelegate.m in Sources */ = {isa = PBXBuildFile; fileRef = B214A28D1998C060002A29BD /* AppDelegate.m */; };
		B214A2911998C060002A29BD /* Main_iPhone.storyboard in Resources */ = {isa = PBXBuildFile; fileRef = B214A28F1998C060002A29BD /* Main_iPhone.storyboard */; };
		B214A2941998C060002A29BD /* Main_iPad.storyboard in Resources */ = {isa = PBXBuildFile; fileRef = B214A2921998C060002A29BD /* Main_iPad.storyboard */; };
		B214A2971998C060002A29BD /* ViewController.m in Sources */ = {isa = PBXBuildFile; fileRef = B214A2961998C060002A29BD /* ViewController.m */; };
		B214A2991998C060002A29BD /* Images.xcassets in Resources */ = {isa = PBXBuildFile; fileRef = B214A2981998C060002A29BD /* Images.xcassets */; };
		B214A2A01998C060002A29BD /* XCTest.framework in Frameworks */ = {isa = PBXBuildFile; fileRef = B214A29F1998C060002A29BD /* XCTest.framework */; };
		B214A2A11998C060002A29BD /* Foundation.framework in Frameworks */ = {isa = PBXBuildFile; fileRef = B214A27D1998C060002A29BD /* Foundation.framework */; };
		B214A2A21998C060002A29BD /* UIKit.framework in Frameworks */ = {isa = PBXBuildFile; fileRef = B214A2811998C060002A29BD /* UIKit.framework */; };
		B214A2AA1998C060002A29BD /* InfoPlist.strings in Resources */ = {isa = PBXBuildFile; fileRef = B214A2A81998C060002A29BD /* InfoPlist.strings */; };
		B214A2AC1998C060002A29BD /* CardsPlayGameTests.m in Sources */ = {isa = PBXBuildFile; fileRef = B214A2AB1998C060002A29BD /* CardsPlayGameTests.m */; };
		B214A2B7199907CC002A29BD /* Card.m in Sources */ = {isa = PBXBuildFile; fileRef = B214A2B6199907CC002A29BD /* Card.m */; };
		B214A2BB199A0919002A29BD /* Deck.m in Sources */ = {isa = PBXBuildFile; fileRef = B214A2BA199A0919002A29BD /* Deck.m */; };
		B214A2BE199A0F8D002A29BD /* InstanceCard.m in Sources */ = {isa = PBXBuildFile; fileRef = B214A2BD199A0F8D002A29BD /* InstanceCard.m */; };
		B214A2C4199A1BD2002A29BD /* IntsanceDeck.m in Sources */ = {isa = PBXBuildFile; fileRef = B214A2C3199A1BD2002A29BD /* IntsanceDeck.m */; };
		B214A2C7199A487B002A29BD /* CardMatchingGame.m in Sources */ = {isa = PBXBuildFile; fileRef = B214A2C6199A487B002A29BD /* CardMatchingGame.m */; };
/* End PBXBuildFile section */

/* Begin PBXContainerItemProxy section */
		B214A2A31998C060002A29BD /* PBXContainerItemProxy */ = {
			isa = PBXContainerItemProxy;
			containerPortal = B214A2721998C060002A29BD /* Project object */;
			proxyType = 1;
			remoteGlobalIDString = B214A2791998C060002A29BD;
			remoteInfo = CardsPlayGame;
		};
/* End PBXContainerItemProxy section */

/* Begin PBXFileReference section */
		B214A27A1998C060002A29BD /* CardsPlayGame.app */ = {isa = PBXFileReference; explicitFileType = wrapper.application; includeInIndex = 0; path = CardsPlayGame.app; sourceTree = BUILT_PRODUCTS_DIR; };
		B214A27D1998C060002A29BD /* Foundation.framework */ = {isa = PBXFileReference; lastKnownFileType = wrapper.framework; name = Foundation.framework; path = System/Library/Frameworks/Foundation.framework; sourceTree = SDKROOT; };
		B214A27F1998C060002A29BD /* CoreGraphics.framework */ = {isa = PBXFileReference; lastKnownFileType = wrapper.framework; name = CoreGraphics.framework; path = System/Library/Frameworks/CoreGraphics.framework; sourceTree = SDKROOT; };
		B214A2811998C060002A29BD /* UIKit.framework */ = {isa = PBXFileReference; lastKnownFileType = wrapper.framework; name = UIKit.framework; path = System/Library/Frameworks/UIKit.framework; sourceTree = SDKROOT; };
		B214A2851998C060002A29BD /* CardsPlayGame-Info.plist */ = {isa = PBXFileReference; lastKnownFileType = text.plist.xml; path = "CardsPlayGame-Info.plist"; sourceTree = "<group>"; };
		B214A2871998C060002A29BD /* en */ = {isa = PBXFileReference; lastKnownFileType = text.plist.strings; name = en; path = en.lproj/InfoPlist.strings; sourceTree = "<group>"; };
		B214A2891998C060002A29BD /* main.m */ = {isa = PBXFileReference; lastKnownFileType = sourcecode.c.objc; path = main.m; sourceTree = "<group>"; };
		B214A28B1998C060002A29BD /* CardsPlayGame-Prefix.pch */ = {isa = PBXFileReference; lastKnownFileType = sourcecode.c.h; path = "CardsPlayGame-Prefix.pch"; sourceTree = "<group>"; };
		B214A28C1998C060002A29BD /* AppDelegate.h */ = {isa = PBXFileReference; lastKnownFileType = sourcecode.c.h; path = AppDelegate.h; sourceTree = "<group>"; };
		B214A28D1998C060002A29BD /* AppDelegate.m */ = {isa = PBXFileReference; lastKnownFileType = sourcecode.c.objc; path = AppDelegate.m; sourceTree = "<group>"; };
		B214A2901998C060002A29BD /* Base */ = {isa = PBXFileReference; lastKnownFileType = file.storyboard; name = Base; path = Base.lproj/Main_iPhone.storyboard; sourceTree = "<group>"; };
		B214A2931998C060002A29BD /* Base */ = {isa = PBXFileReference; lastKnownFileType = file.storyboard; name = Base; path = Base.lproj/Main_iPad.storyboard; sourceTree = "<group>"; };
		B214A2951998C060002A29BD /* ViewController.h */ = {isa = PBXFileReference; lastKnownFileType = sourcecode.c.h; path = ViewController.h; sourceTree = "<group>"; };
		B214A2961998C060002A29BD /* ViewController.m */ = {isa = PBXFileReference; lastKnownFileType = sourcecode.c.objc; path = ViewController.m; sourceTree = "<group>"; };
		B214A2981998C060002A29BD /* Images.xcassets */ = {isa = PBXFileReference; lastKnownFileType = folder.assetcatalog; path = Images.xcassets; sourceTree = "<group>"; };
		B214A29E1998C060002A29BD /* CardsPlayGameTests.xctest */ = {isa = PBXFileReference; explicitFileType = wrapper.cfbundle; includeInIndex = 0; path = CardsPlayGameTests.xctest; sourceTree = BUILT_PRODUCTS_DIR; };
		B214A29F1998C060002A29BD /* XCTest.framework */ = {isa = PBXFileReference; lastKnownFileType = wrapper.framework; name = XCTest.framework; path = Library/Frameworks/XCTest.framework; sourceTree = DEVELOPER_DIR; };
		B214A2A71998C060002A29BD /* CardsPlayGameTests-Info.plist */ = {isa = PBXFileReference; lastKnownFileType = text.plist.xml; path = "CardsPlayGameTests-Info.plist"; sourceTree = "<group>"; };
		B214A2A91998C060002A29BD /* en */ = {isa = PBXFileReference; lastKnownFileType = text.plist.strings; name = en; path = en.lproj/InfoPlist.strings; sourceTree = "<group>"; };
		B214A2AB1998C060002A29BD /* CardsPlayGameTests.m */ = {isa = PBXFileReference; lastKnownFileType = sourcecode.c.objc; path = CardsPlayGameTests.m; sourceTree = "<group>"; };
		B214A2B5199907CC002A29BD /* Card.h */ = {isa = PBXFileReference; fileEncoding = 4; lastKnownFileType = sourcecode.c.h; name = Card.h; path = Model/Card.h; sourceTree = "<group>"; };
		B214A2B6199907CC002A29BD /* Card.m */ = {isa = PBXFileReference; fileEncoding = 4; lastKnownFileType = sourcecode.c.objc; name = Card.m; path = Model/Card.m; sourceTree = "<group>"; };
		B214A2B9199A0919002A29BD /* Deck.h */ = {isa = PBXFileReference; fileEncoding = 4; lastKnownFileType = sourcecode.c.h; name = Deck.h; path = Model/Deck.h; sourceTree = "<group>"; };
		B214A2BA199A0919002A29BD /* Deck.m */ = {isa = PBXFileReference; fileEncoding = 4; lastKnownFileType = sourcecode.c.objc; name = Deck.m; path = Model/Deck.m; sourceTree = "<group>"; };
		B214A2BC199A0F8D002A29BD /* InstanceCard.h */ = {isa = PBXFileReference; fileEncoding = 4; lastKnownFileType = sourcecode.c.h; name = InstanceCard.h; path = Model/InstanceCard.h; sourceTree = "<group>"; };
		B214A2BD199A0F8D002A29BD /* InstanceCard.m */ = {isa = PBXFileReference; fileEncoding = 4; lastKnownFileType = sourcecode.c.objc; name = InstanceCard.m; path = Model/InstanceCard.m; sourceTree = "<group>"; };
		B214A2C2199A1BD2002A29BD /* InstanceDeck.h */ = {isa = PBXFileReference; fileEncoding = 4; lastKnownFileType = sourcecode.c.h; name = InstanceDeck.h; path = Model/InstanceDeck.h; sourceTree = "<group>"; };
		B214A2C3199A1BD2002A29BD /* IntsanceDeck.m */ = {isa = PBXFileReference; fileEncoding = 4; lastKnownFileType = sourcecode.c.objc; name = IntsanceDeck.m; path = Model/IntsanceDeck.m; sourceTree = "<group>"; };
		B214A2C5199A487B002A29BD /* CardMatchingGame.h */ = {isa = PBXFileReference; fileEncoding = 4; lastKnownFileType = sourcecode.c.h; name = CardMatchingGame.h; path = Model/CardMatchingGame.h; sourceTree = "<group>"; };
		B214A2C6199A487B002A29BD /* CardMatchingGame.m */ = {isa = PBXFileReference; fileEncoding = 4; lastKnownFileType = sourcecode.c.objc; name = CardMatchingGame.m; path = Model/CardMatchingGame.m; sourceTree = "<group>"; };
/* End PBXFileReference section */

/* Begin PBXFrameworksBuildPhase section */
		B214A2771998C060002A29BD /* Frameworks */ = {
			isa = PBXFrameworksBuildPhase;
			buildActionMask = 2147483647;
			files = (
				B214A2801998C060002A29BD /* CoreGraphics.framework in Frameworks */,
				B214A2821998C060002A29BD /* UIKit.framework in Frameworks */,
				B214A27E1998C060002A29BD /* Foundation.framework in Frameworks */,
			);
			runOnlyForDeploymentPostprocessing = 0;
		};
		B214A29B1998C060002A29BD /* Frameworks */ = {
			isa = PBXFrameworksBuildPhase;
			buildActionMask = 2147483647;
			files = (
				B214A2A01998C060002A29BD /* XCTest.framework in Frameworks */,
				B214A2A21998C060002A29BD /* UIKit.framework in Frameworks */,
				B214A2A11998C060002A29BD /* Foundation.framework in Frameworks */,
			);
			runOnlyForDeploymentPostprocessing = 0;
		};
/* End PBXFrameworksBuildPhase section */

/* Begin PBXGroup section */
		B214A2711998C060002A29BD = {
			isa = PBXGroup;
			children = (
				B214A2831998C060002A29BD /* CardsPlayGame */,
				B214A2A51998C060002A29BD /* CardsPlayGameTests */,
				B214A27C1998C060002A29BD /* Frameworks */,
				B214A27B1998C060002A29BD /* Products */,
			);
			sourceTree = "<group>";
		};
		B214A27B1998C060002A29BD /* Products */ = {
			isa = PBXGroup;
			children = (
				B214A27A1998C060002A29BD /* CardsPlayGame.app */,
				B214A29E1998C060002A29BD /* CardsPlayGameTests.xctest */,
			);
			name = Products;
			sourceTree = "<group>";
		};
		B214A27C1998C060002A29BD /* Frameworks */ = {
			isa = PBXGroup;
			children = (
				B214A27D1998C060002A29BD /* Foundation.framework */,
				B214A27F1998C060002A29BD /* CoreGraphics.framework */,
				B214A2811998C060002A29BD /* UIKit.framework */,
				B214A29F1998C060002A29BD /* XCTest.framework */,
			);
			name = Frameworks;
			sourceTree = "<group>";
		};
		B214A2831998C060002A29BD /* CardsPlayGame */ = {
			isa = PBXGroup;
			children = (
				B214A28F1998C060002A29BD /* Main_iPhone.storyboard */,
				B214A2B8199907FD002A29BD /* Model */,
				B214A2921998C060002A29BD /* Main_iPad.storyboard */,
				B214A2951998C060002A29BD /* ViewController.h */,
				B214A2961998C060002A29BD /* ViewController.m */,
				B214A2981998C060002A29BD /* Images.xcassets */,
				B214A2841998C060002A29BD /* Supporting Files */,
			);
			path = CardsPlayGame;
			sourceTree = "<group>";
		};
		B214A2841998C060002A29BD /* Supporting Files */ = {
			isa = PBXGroup;
			children = (
				B214A28D1998C060002A29BD /* AppDelegate.m */,
				B214A28C1998C060002A29BD /* AppDelegate.h */,
				B214A2851998C060002A29BD /* CardsPlayGame-Info.plist */,
				B214A2861998C060002A29BD /* InfoPlist.strings */,
				B214A2891998C060002A29BD /* main.m */,
				B214A28B1998C060002A29BD /* CardsPlayGame-Prefix.pch */,
			);
			name = "Supporting Files";
			sourceTree = "<group>";
		};
		B214A2A51998C060002A29BD /* CardsPlayGameTests */ = {
			isa = PBXGroup;
			children = (
				B214A2AB1998C060002A29BD /* CardsPlayGameTests.m */,
				B214A2A61998C060002A29BD /* Supporting Files */,
			);
			path = CardsPlayGameTests;
			sourceTree = "<group>";
		};
		B214A2A61998C060002A29BD /* Supporting Files */ = {
			isa = PBXGroup;
			children = (
				B214A2A71998C060002A29BD /* CardsPlayGameTests-Info.plist */,
				B214A2A81998C060002A29BD /* InfoPlist.strings */,
			);
			name = "Supporting Files";
			sourceTree = "<group>";
		};
		B214A2B8199907FD002A29BD /* Model */ = {
			isa = PBXGroup;
			children = (
				B214A2C5199A487B002A29BD /* CardMatchingGame.h */,
				B214A2C6199A487B002A29BD /* CardMatchingGame.m */,
				B214A2B5199907CC002A29BD /* Card.h */,
				B214A2B6199907CC002A29BD /* Card.m */,
				B214A2B9199A0919002A29BD /* Deck.h */,
				B214A2BA199A0919002A29BD /* Deck.m */,
				B214A2C2199A1BD2002A29BD /* InstanceDeck.h */,
				B214A2C3199A1BD2002A29BD /* IntsanceDeck.m */,
				B214A2BC199A0F8D002A29BD /* InstanceCard.h */,
				B214A2BD199A0F8D002A29BD /* InstanceCard.m */,
			);
			name = Model;
			sourceTree = "<group>";
		};
/* End PBXGroup section */

/* Begin PBXNativeTarget section */
		B214A2791998C060002A29BD /* CardsPlayGame */ = {
			isa = PBXNativeTarget;
			buildConfigurationList = B214A2AF1998C060002A29BD /* Build configuration list for PBXNativeTarget "CardsPlayGame" */;
			buildPhases = (
				B214A2761998C060002A29BD /* Sources */,
				B214A2771998C060002A29BD /* Frameworks */,
				B214A2781998C060002A29BD /* Resources */,
			);
			buildRules = (
			);
			dependencies = (
			);
			name = CardsPlayGame;
			productName = CardsPlayGame;
			productReference = B214A27A1998C060002A29BD /* CardsPlayGame.app */;
			productType = "com.apple.product-type.application";
		};
		B214A29D1998C060002A29BD /* CardsPlayGameTests */ = {
			isa = PBXNativeTarget;
			buildConfigurationList = B214A2B21998C060002A29BD /* Build configuration list for PBXNativeTarget "CardsPlayGameTests" */;
			buildPhases = (
				B214A29A1998C060002A29BD /* Sources */,
				B214A29B1998C060002A29BD /* Frameworks */,
				B214A29C1998C060002A29BD /* Resources */,
			);
			buildRules = (
			);
			dependencies = (
				B214A2A41998C060002A29BD /* PBXTargetDependency */,
			);
			name = CardsPlayGameTests;
			productName = CardsPlayGameTests;
			productReference = B214A29E1998C060002A29BD /* CardsPlayGameTests.xctest */;
			productType = "com.apple.product-type.bundle.unit-test";
		};
/* End PBXNativeTarget section */

/* Begin PBXProject section */
		B214A2721998C060002A29BD /* Project object */ = {
			isa = PBXProject;
			attributes = {
				LastUpgradeCheck = 0510;
				ORGANIZATIONNAME = "John Shaw";
				TargetAttributes = {
					B214A29D1998C060002A29BD = {
						TestTargetID = B214A2791998C060002A29BD;
					};
				};
			};
			buildConfigurationList = B214A2751998C060002A29BD /* Build configuration list for PBXProject "CardsPlayGame" */;
			compatibilityVersion = "Xcode 3.2";
			developmentRegion = English;
			hasScannedForEncodings = 0;
			knownRegions = (
				en,
				Base,
			);
			mainGroup = B214A2711998C060002A29BD;
			productRefGroup = B214A27B1998C060002A29BD /* Products */;
			projectDirPath = "";
			projectRoot = "";
			targets = (
				B214A2791998C060002A29BD /* CardsPlayGame */,
				B214A29D1998C060002A29BD /* CardsPlayGameTests */,
			);
		};
/* End PBXProject section */

/* Begin PBXResourcesBuildPhase section */
		B214A2781998C060002A29BD /* Resources */ = {
			isa = PBXResourcesBuildPhase;
			buildActionMask = 2147483647;
			files = (
				B214A2941998C060002A29BD /* Main_iPad.storyboard in Resources */,
				B214A2991998C060002A29BD /* Images.xcassets in Resources */,
				B214A2911998C060002A29BD /* Main_iPhone.storyboard in Resources */,
				B214A2881998C060002A29BD /* InfoPlist.strings in Resources */,
			);
			runOnlyForDeploymentPostprocessing = 0;
		};
		B214A29C1998C060002A29BD /* Resources */ = {
			isa = PBXResourcesBuildPhase;
			buildActionMask = 2147483647;
			files = (
				B214A2AA1998C060002A29BD /* InfoPlist.strings in Resources */,
			);
			runOnlyForDeploymentPostprocessing = 0;
		};
/* End PBXResourcesBuildPhase section */

/* Begin PBXSourcesBuildPhase section */
		B214A2761998C060002A29BD /* Sources */ = {
			isa = PBXSourcesBuildPhase;
			buildActionMask = 2147483647;
			files = (
				B214A2C4199A1BD2002A29BD /* IntsanceDeck.m in Sources */,
				B214A2BB199A0919002A29BD /* Deck.m in Sources */,
				B214A2971998C060002A29BD /* ViewController.m in Sources */,
				B214A2BE199A0F8D002A29BD /* InstanceCard.m in Sources */,
				B214A2C7199A487B002A29BD /* CardMatchingGame.m in Sources */,
				B214A28E1998C060002A29BD /* AppDelegate.m in Sources */,
				B214A28A1998C060002A29BD /* main.m in Sources */,
				B214A2B7199907CC002A29BD /* Card.m in Sources */,
			);
			runOnlyForDeploymentPostprocessing = 0;
		};
		B214A29A1998C060002A29BD /* Sources */ = {
			isa = PBXSourcesBuildPhase;
			buildActionMask = 2147483647;
			files = (
				B214A2AC1998C060002A29BD /* CardsPlayGameTests.m in Sources */,
			);
			runOnlyForDeploymentPostprocessing = 0;
		};
/* End PBXSourcesBuildPhase section */

/* Begin PBXTargetDependency section */
		B214A2A41998C060002A29BD /* PBXTargetDependency */ = {
			isa = PBXTargetDependency;
			target = B214A2791998C060002A29BD /* CardsPlayGame */;
			targetProxy = B214A2A31998C060002A29BD /* PBXContainerItemProxy */;
		};
/* End PBXTargetDependency section */

/* Begin PBXVariantGroup section */
		B214A2861998C060002A29BD /* InfoPlist.strings */ = {
			isa = PBXVariantGroup;
			children = (
				B214A2871998C060002A29BD /* en */,
			);
			name = InfoPlist.strings;
			sourceTree = "<group>";
		};
		B214A28F1998C060002A29BD /* Main_iPhone.storyboard */ = {
			isa = PBXVariantGroup;
			children = (
				B214A2901998C060002A29BD /* Base */,
			);
			name = Main_iPhone.storyboard;
			sourceTree = "<group>";
		};
		B214A2921998C060002A29BD /* Main_iPad.storyboard */ = {
			isa = PBXVariantGroup;
			children = (
				B214A2931998C060002A29BD /* Base */,
			);
			name = Main_iPad.storyboard;
			sourceTree = "<group>";
		};
		B214A2A81998C060002A29BD /* InfoPlist.strings */ = {
			isa = PBXVariantGroup;
			children = (
				B214A2A91998C060002A29BD /* en */,
			);
			name = InfoPlist.strings;
			sourceTree = "<group>";
		};
/* End PBXVariantGroup section */

/* Begin XCBuildConfiguration section */
		B214A2AD1998C060002A29BD /* Debug */ = {
			isa = XCBuildConfiguration;
			buildSettings = {
				ALWAYS_SEARCH_USER_PATHS = NO;
				CLANG_CXX_LANGUAGE_STANDARD = "gnu++0x";
				CLANG_CXX_LIBRARY = "libc++";
				CLANG_ENABLE_MODULES = YES;
				CLANG_ENABLE_OBJC_ARC = YES;
				CLANG_WARN_BOOL_CONVERSION = YES;
				CLANG_WARN_CONSTANT_CONVERSION = YES;
				CLANG_WARN_DIRECT_OBJC_ISA_USAGE = YES_ERROR;
				CLANG_WARN_EMPTY_BODY = YES;
				CLANG_WARN_ENUM_CONVERSION = YES;
				CLANG_WARN_INT_CONVERSION = YES;
				CLANG_WARN_OBJC_ROOT_CLASS = YES_ERROR;
				CLANG_WARN__DUPLICATE_METHOD_MATCH = YES;
				CODE_SIGN_IDENTITY = "iPhone Developer: WEIFENG HOU (EXT82G9Z85)";
				"CODE_SIGN_IDENTITY[sdk=iphoneos*]" = "iPhone Developer";
				COPY_PHASE_STRIP = NO;
				GCC_C_LANGUAGE_STANDARD = gnu99;
				GCC_DYNAMIC_NO_PIC = NO;
				GCC_OPTIMIZATION_LEVEL = 0;
				GCC_PREPROCESSOR_DEFINITIONS = (
					"DEBUG=1",
					"$(inherited)",
				);
				GCC_SYMBOLS_PRIVATE_EXTERN = NO;
				GCC_WARN_64_TO_32_BIT_CONVERSION = YES;
				GCC_WARN_ABOUT_RETURN_TYPE = YES_ERROR;
				GCC_WARN_UNDECLARED_SELECTOR = YES;
				GCC_WARN_UNINITIALIZED_AUTOS = YES_AGGRESSIVE;
				GCC_WARN_UNUSED_FUNCTION = YES;
				GCC_WARN_UNUSED_VARIABLE = YES;
				IPHONEOS_DEPLOYMENT_TARGET = 7.1;
				ONLY_ACTIVE_ARCH = YES;
				SDKROOT = iphoneos;
				TARGETED_DEVICE_FAMILY = "1,2";
			};
			name = Debug;
		};
		B214A2AE1998C060002A29BD /* Release */ = {
			isa = XCBuildConfiguration;
			buildSettings = {
				ALWAYS_SEARCH_USER_PATHS = NO;
				CLANG_CXX_LANGUAGE_STANDARD = "gnu++0x";
				CLANG_CXX_LIBRARY = "libc++";
				CLANG_ENABLE_MODULES = YES;
				CLANG_ENABLE_OBJC_ARC = YES;
				CLANG_WARN_BOOL_CONVERSION = YES;
				CLANG_WARN_CONSTANT_CONVERSION = YES;
				CLANG_WARN_DIRECT_OBJC_ISA_USAGE = YES_ERROR;
				CLANG_WARN_EMPTY_BODY = YES;
				CLANG_WARN_ENUM_CONVERSION = YES;
				CLANG_WARN_INT_CONVERSION = YES;
				CLANG_WARN_OBJC_ROOT_CLASS = YES_ERROR;
				CLANG_WARN__DUPLICATE_METHOD_MATCH = YES;
				CODE_SIGN_IDENTITY = "iPhone Developer: WEIFENG HOU (EXT82G9Z85)";
				"CODE_SIGN_IDENTITY[sdk=iphoneos*]" = "iPhone Developer";
				COPY_PHASE_STRIP = YES;
				ENABLE_NS_ASSERTIONS = NO;
				GCC_C_LANGUAGE_STANDARD = gnu99;
				GCC_WARN_64_TO_32_BIT_CONVERSION = YES;
				GCC_WARN_ABOUT_RETURN_TYPE = YES_ERROR;
				GCC_WARN_UNDECLARED_SELECTOR = YES;
				GCC_WARN_UNINITIALIZED_AUTOS = YES_AGGRESSIVE;
				GCC_WARN_UNUSED_FUNCTION = YES;
				GCC_WARN_UNUSED_VARIABLE = YES;
				IPHONEOS_DEPLOYMENT_TARGET = 7.1;
				SDKROOT = iphoneos;
				TARGETED_DEVICE_FAMILY = "1,2";
				VALIDATE_PRODUCT = YES;
			};
			name = Release;
		};
		B214A2B01998C060002A29BD /* Debug */ = {
			isa = XCBuildConfiguration;
			buildSettings = {
				ASSETCATALOG_COMPILER_APPICON_NAME = AppIcon;
				ASSETCATALOG_COMPILER_LAUNCHIMAGE_NAME = LaunchImage;
				CODE_SIGN_IDENTITY = "iPhone Developer: WEIFENG HOU (EXT82G9Z85)";
				GCC_PRECOMPILE_PREFIX_HEADER = YES;
				GCC_PREFIX_HEADER = "CardsPlayGame/CardsPlayGame-Prefix.pch";
				INFOPLIST_FILE = "CardsPlayGame/CardsPlayGame-Info.plist";
				PRODUCT_NAME = "$(TARGET_NAME)";
				WRAPPER_EXTENSION = app;
			};
			name = Debug;
		};
		B214A2B11998C060002A29BD /* Release */ = {
			isa = XCBuildConfiguration;
			buildSettings = {
				ASSETCATALOG_COMPILER_APPICON_NAME = AppIcon;
				ASSETCATALOG_COMPILER_LAUNCHIMAGE_NAME = LaunchImage;
				CODE_SIGN_IDENTITY = "iPhone Developer: WEIFENG HOU (EXT82G9Z85)";
				GCC_PRECOMPILE_PREFIX_HEADER = YES;
				GCC_PREFIX_HEADER = "CardsPlayGame/CardsPlayGame-Prefix.pch";
				INFOPLIST_FILE = "CardsPlayGame/CardsPlayGame-Info.plist";
				PRODUCT_NAME = "$(TARGET_NAME)";
				WRAPPER_EXTENSION = app;
			};
			name = Release;
		};
		B214A2B31998C060002A29BD /* Debug */ = {
			isa = XCBuildConfiguration;
			buildSettings = {
				BUNDLE_LOADER = "$(BUILT_PRODUCTS_DIR)/CardsPlayGame.app/CardsPlayGame";
				FRAMEWORK_SEARCH_PATHS = (
					"$(SDKROOT)/Developer/Library/Frameworks",
					"$(inherited)",
					"$(DEVELOPER_FRAMEWORKS_DIR)",
				);
				GCC_PRECOMPILE_PREFIX_HEADER = YES;
				GCC_PREFIX_HEADER = "CardsPlayGame/CardsPlayGame-Prefix.pch";
				GCC_PREPROCESSOR_DEFINITIONS = (
					"DEBUG=1",
					"$(inherited)",
				);
				INFOPLIST_FILE = "CardsPlayGameTests/CardsPlayGameTests-Info.plist";
				PRODUCT_NAME = "$(TARGET_NAME)";
				TEST_HOST = "$(BUNDLE_LOADER)";
				WRAPPER_EXTENSION = xctest;
			};
			name = Debug;
		};
		B214A2B41998C060002A29BD /* Release */ = {
			isa = XCBuildConfiguration;
			buildSettings = {
				BUNDLE_LOADER = "$(BUILT_PRODUCTS_DIR)/CardsPlayGame.app/CardsPlayGame";
				FRAMEWORK_SEARCH_PATHS = (
					"$(SDKROOT)/Developer/Library/Frameworks",
					"$(inherited)",
					"$(DEVELOPER_FRAMEWORKS_DIR)",
				);
				GCC_PRECOMPILE_PREFIX_HEADER = YES;
				GCC_PREFIX_HEADER = "CardsPlayGame/CardsPlayGame-Prefix.pch";
				INFOPLIST_FILE = "CardsPlayGameTests/CardsPlayGameTests-Info.plist";
				PRODUCT_NAME = "$(TARGET_NAME)";
				TEST_HOST = "$(BUNDLE_LOADER)";
				WRAPPER_EXTENSION = xctest;
			};
			name = Release;
		};
/* End XCBuildConfiguration section */

/* Begin XCConfigurationList section */
		B214A2751998C060002A29BD /* Build configuration list for PBXProject "CardsPlayGame" */ = {
			isa = XCConfigurationList;
			buildConfigurations = (
				B214A2AD1998C060002A29BD /* Debug */,
				B214A2AE1998C060002A29BD /* Release */,
			);
			defaultConfigurationIsVisible = 0;
			defaultConfigurationName = Release;
		};
		B214A2AF1998C060002A29BD /* Build configuration list for PBXNativeTarget "CardsPlayGame" */ = {
			isa = XCConfigurationList;
			buildConfigurations = (
				B214A2B01998C060002A29BD /* Debug */,
				B214A2B11998C060002A29BD /* Release */,
			);
			defaultConfigurationIsVisible = 0;
			defaultConfigurationName = Release;
		};
		B214A2B21998C060002A29BD /* Build configuration list for PBXNativeTarget "CardsPlayGameTests" */ = {
			isa = XCConfigurationList;
			buildConfigurations = (
				B214A2B31998C060002A29BD /* Debug */,
				B214A2B41998C060002A29BD /* Release */,
			);
			defaultConfigurationIsVisible = 0;
			defaultConfigurationName = Release;
		};
/* End XCConfigurationList section */
	};
	rootObject = B214A2721998C060002A29BD /* Project object */;
}
